// !$*UTF8*$!
{
	archiveVersion = 1;
	classes = {
	};
	objectVersion = 46;
	objects = {

/* Begin PBXBuildFile section */
		2A0471F41D49674E00DB727B /* AppDelegate.swift in Sources */ = {isa = PBXBuildFile; fileRef = 2A0471F31D49674E00DB727B /* AppDelegate.swift */; };
		2A0471F61D49674E00DB727B /* LoginViewController.swift in Sources */ = {isa = PBXBuildFile; fileRef = 2A0471F51D49674E00DB727B /* LoginViewController.swift */; };
		2A0471F91D49674E00DB727B /* Main.storyboard in Resources */ = {isa = PBXBuildFile; fileRef = 2A0471F71D49674E00DB727B /* Main.storyboard */; };
		2A0471FB1D49674E00DB727B /* Assets.xcassets in Resources */ = {isa = PBXBuildFile; fileRef = 2A0471FA1D49674E00DB727B /* Assets.xcassets */; };
		2A0471FE1D49674E00DB727B /* LaunchScreen.storyboard in Resources */ = {isa = PBXBuildFile; fileRef = 2A0471FC1D49674E00DB727B /* LaunchScreen.storyboard */; };
		2A0472091D49674E00DB727B /* On_The_MapTests.swift in Sources */ = {isa = PBXBuildFile; fileRef = 2A0472081D49674E00DB727B /* On_The_MapTests.swift */; };
		2A0472141D49674E00DB727B /* On_The_MapUITests.swift in Sources */ = {isa = PBXBuildFile; fileRef = 2A0472131D49674E00DB727B /* On_The_MapUITests.swift */; };
/* End PBXBuildFile section */

/* Begin PBXContainerItemProxy section */
		2A0472051D49674E00DB727B /* PBXContainerItemProxy */ = {
			isa = PBXContainerItemProxy;
			containerPortal = 2A0471E81D49674D00DB727B /* Project object */;
			proxyType = 1;
			remoteGlobalIDString = 2A0471EF1D49674D00DB727B;
			remoteInfo = "On The Map";
		};
		2A0472101D49674E00DB727B /* PBXContainerItemProxy */ = {
			isa = PBXContainerItemProxy;
			containerPortal = 2A0471E81D49674D00DB727B /* Project object */;
			proxyType = 1;
			remoteGlobalIDString = 2A0471EF1D49674D00DB727B;
			remoteInfo = "On The Map";
		};
/* End PBXContainerItemProxy section */

/* Begin PBXFileReference section */
		2A0471F01D49674D00DB727B /* On The Map.app */ = {isa = PBXFileReference; explicitFileType = wrapper.application; includeInIndex = 0; path = "On The Map.app"; sourceTree = BUILT_PRODUCTS_DIR; };
		2A0471F31D49674E00DB727B /* AppDelegate.swift */ = {isa = PBXFileReference; lastKnownFileType = sourcecode.swift; path = AppDelegate.swift; sourceTree = "<group>"; };
		2A0471F51D49674E00DB727B /* LoginViewController.swift */ = {isa = PBXFileReference; lastKnownFileType = sourcecode.swift; path = LoginViewController.swift; sourceTree = "<group>"; };
		2A0471F81D49674E00DB727B /* Base */ = {isa = PBXFileReference; lastKnownFileType = file.storyboard; name = Base; path = Base.lproj/Main.storyboard; sourceTree = "<group>"; };
		2A0471FA1D49674E00DB727B /* Assets.xcassets */ = {isa = PBXFileReference; lastKnownFileType = folder.assetcatalog; path = Assets.xcassets; sourceTree = "<group>"; };
		2A0471FD1D49674E00DB727B /* Base */ = {isa = PBXFileReference; lastKnownFileType = file.storyboard; name = Base; path = Base.lproj/LaunchScreen.storyboard; sourceTree = "<group>"; };
		2A0471FF1D49674E00DB727B /* Info.plist */ = {isa = PBXFileReference; lastKnownFileType = text.plist.xml; path = Info.plist; sourceTree = "<group>"; };
		2A0472041D49674E00DB727B /* On The MapTests.xctest */ = {isa = PBXFileReference; explicitFileType = wrapper.cfbundle; includeInIndex = 0; path = "On The MapTests.xctest"; sourceTree = BUILT_PRODUCTS_DIR; };
		2A0472081D49674E00DB727B /* On_The_MapTests.swift */ = {isa = PBXFileReference; lastKnownFileType = sourcecode.swift; path = On_The_MapTests.swift; sourceTree = "<group>"; };
		2A04720A1D49674E00DB727B /* Info.plist */ = {isa = PBXFileReference; lastKnownFileType = text.plist.xml; path = Info.plist; sourceTree = "<group>"; };
		2A04720F1D49674E00DB727B /* On The MapUITests.xctest */ = {isa = PBXFileReference; explicitFileType = wrapper.cfbundle; includeInIndex = 0; path = "On The MapUITests.xctest"; sourceTree = BUILT_PRODUCTS_DIR; };
		2A0472131D49674E00DB727B /* On_The_MapUITests.swift */ = {isa = PBXFileReference; lastKnownFileType = sourcecode.swift; path = On_The_MapUITests.swift; sourceTree = "<group>"; };
		2A0472151D49674E00DB727B /* Info.plist */ = {isa = PBXFileReference; lastKnownFileType = text.plist.xml; path = Info.plist; sourceTree = "<group>"; };
/* End PBXFileReference section */

/* Begin PBXFrameworksBuildPhase section */
		2A0471ED1D49674D00DB727B /* Frameworks */ = {
			isa = PBXFrameworksBuildPhase;
			buildActionMask = 2147483647;
			files = (
			);
			runOnlyForDeploymentPostprocessing = 0;
		};
		2A0472011D49674E00DB727B /* Frameworks */ = {
			isa = PBXFrameworksBuildPhase;
			buildActionMask = 2147483647;
			files = (
			);
			runOnlyForDeploymentPostprocessing = 0;
		};
		2A04720C1D49674E00DB727B /* Frameworks */ = {
			isa = PBXFrameworksBuildPhase;
			buildActionMask = 2147483647;
			files = (
			);
			runOnlyForDeploymentPostprocessing = 0;
		};
/* End PBXFrameworksBuildPhase section */

/* Begin PBXGroup section */
		2A0471E71D49674D00DB727B = {
			isa = PBXGroup;
			children = (
				2A0471F21D49674E00DB727B /* On The Map */,
				2A0472071D49674E00DB727B /* On The MapTests */,
				2A0472121D49674E00DB727B /* On The MapUITests */,
				2A0471F11D49674D00DB727B /* Products */,
			);
			sourceTree = "<group>";
		};
		2A0471F11D49674D00DB727B /* Products */ = {
			isa = PBXGroup;
			children = (
				2A0471F01D49674D00DB727B /* On The Map.app */,
				2A0472041D49674E00DB727B /* On The MapTests.xctest */,
				2A04720F1D49674E00DB727B /* On The MapUITests.xctest */,
			);
			name = Products;
			sourceTree = "<group>";
		};
		2A0471F21D49674E00DB727B /* On The Map */ = {
			isa = PBXGroup;
			children = (
				2A0471F31D49674E00DB727B /* AppDelegate.swift */,
				2A0471F51D49674E00DB727B /* LoginViewController.swift */,
				2A0471F71D49674E00DB727B /* Main.storyboard */,
				2A0471FA1D49674E00DB727B /* Assets.xcassets */,
				2A0471FC1D49674E00DB727B /* LaunchScreen.storyboard */,
				2A0471FF1D49674E00DB727B /* Info.plist */,
			);
			path = "On The Map";
			sourceTree = "<group>";
		};
		2A0472071D49674E00DB727B /* On The MapTests */ = {
			isa = PBXGroup;
			children = (
				2A0472081D49674E00DB727B /* On_The_MapTests.swift */,
				2A04720A1D49674E00DB727B /* Info.plist */,
			);
			path = "On The MapTests";
			sourceTree = "<group>";
		};
		2A0472121D49674E00DB727B /* On The MapUITests */ = {
			isa = PBXGroup;
			children = (
				2A0472131D49674E00DB727B /* On_The_MapUITests.swift */,
				2A0472151D49674E00DB727B /* Info.plist */,
			);
			path = "On The MapUITests";
			sourceTree = "<group>";
		};
/* End PBXGroup section */

/* Begin PBXNativeTarget section */
		2A0471EF1D49674D00DB727B /* On The Map */ = {
			isa = PBXNativeTarget;
			buildConfigurationList = 2A0472181D49674E00DB727B /* Build configuration list for PBXNativeTarget "On The Map" */;
			buildPhases = (
				2A0471EC1D49674D00DB727B /* Sources */,
				2A0471ED1D49674D00DB727B /* Frameworks */,
				2A0471EE1D49674D00DB727B /* Resources */,
			);
			buildRules = (
			);
			dependencies = (
			);
			name = "On The Map";
			productName = "On The Map";
			productReference = 2A0471F01D49674D00DB727B /* On The Map.app */;
			productType = "com.apple.product-type.application";
		};
		2A0472031D49674E00DB727B /* On The MapTests */ = {
			isa = PBXNativeTarget;
			buildConfigurationList = 2A04721B1D49674E00DB727B /* Build configuration list for PBXNativeTarget "On The MapTests" */;
			buildPhases = (
				2A0472001D49674E00DB727B /* Sources */,
				2A0472011D49674E00DB727B /* Frameworks */,
				2A0472021D49674E00DB727B /* Resources */,
			);
			buildRules = (
			);
			dependencies = (
				2A0472061D49674E00DB727B /* PBXTargetDependency */,
			);
			name = "On The MapTests";
			productName = "On The MapTests";
			productReference = 2A0472041D49674E00DB727B /* On The MapTests.xctest */;
			productType = "com.apple.product-type.bundle.unit-test";
		};
		2A04720E1D49674E00DB727B /* On The MapUITests */ = {
			isa = PBXNativeTarget;
			buildConfigurationList = 2A04721E1D49674E00DB727B /* Build configuration list for PBXNativeTarget "On The MapUITests" */;
			buildPhases = (
				2A04720B1D49674E00DB727B /* Sources */,
				2A04720C1D49674E00DB727B /* Frameworks */,
				2A04720D1D49674E00DB727B /* Resources */,
			);
			buildRules = (
			);
			dependencies = (
				2A0472111D49674E00DB727B /* PBXTargetDependency */,
			);
			name = "On The MapUITests";
			productName = "On The MapUITests";
			productReference = 2A04720F1D49674E00DB727B /* On The MapUITests.xctest */;
			productType = "com.apple.product-type.bundle.ui-testing";
		};
/* End PBXNativeTarget section */

/* Begin PBXProject section */
		2A0471E81D49674D00DB727B /* Project object */ = {
			isa = PBXProject;
			attributes = {
				LastSwiftUpdateCheck = 0730;
				LastUpgradeCheck = 0730;
				ORGANIZATIONNAME = "Seab Jackson";
				TargetAttributes = {
					2A0471EF1D49674D00DB727B = {
						CreatedOnToolsVersion = 7.3.1;
						DevelopmentTeam = 86SYWTB5Q2;
					};
					2A0472031D49674E00DB727B = {
						CreatedOnToolsVersion = 7.3.1;
						DevelopmentTeam = 86SYWTB5Q2;
						TestTargetID = 2A0471EF1D49674D00DB727B;
					};
					2A04720E1D49674E00DB727B = {
						CreatedOnToolsVersion = 7.3.1;
						DevelopmentTeam = 86SYWTB5Q2;
						TestTargetID = 2A0471EF1D49674D00DB727B;
					};
				};
			};
			buildConfigurationList = 2A0471EB1D49674D00DB727B /* Build configuration list for PBXProject "On The Map" */;
			compatibilityVersion = "Xcode 3.2";
			developmentRegion = English;
			hasScannedForEncodings = 0;
			knownRegions = (
				en,
				Base,
			);
			mainGroup = 2A0471E71D49674D00DB727B;
			productRefGroup = 2A0471F11D49674D00DB727B /* Products */;
			projectDirPath = "";
			projectRoot = "";
			targets = (
				2A0471EF1D49674D00DB727B /* On The Map */,
				2A0472031D49674E00DB727B /* On The MapTests */,
				2A04720E1D49674E00DB727B /* On The MapUITests */,
			);
		};
/* End PBXProject section */

/* Begin PBXResourcesBuildPhase section */
		2A0471EE1D49674D00DB727B /* Resources */ = {
			isa = PBXResourcesBuildPhase;
			buildActionMask = 2147483647;
			files = (
				2A0471FE1D49674E00DB727B /* LaunchScreen.storyboard in Resources */,
				2A0471FB1D49674E00DB727B /* Assets.xcassets in Resources */,
				2A0471F91D49674E00DB727B /* Main.storyboard in Resources */,
			);
			runOnlyForDeploymentPostprocessing = 0;
		};
		2A0472021D49674E00DB727B /* Resources */ = {
			isa = PBXResourcesBuildPhase;
			buildActionMask = 2147483647;
			files = (
			);
			runOnlyForDeploymentPostprocessing = 0;
		};
		2A04720D1D49674E00DB727B /* Resources */ = {
			isa = PBXResourcesBuildPhase;
			buildActionMask = 2147483647;
			files = (
			);
			runOnlyForDeploymentPostprocessing = 0;
		};
/* End PBXResourcesBuildPhase section */

/* Begin PBXSourcesBuildPhase section */
		2A0471EC1D49674D00DB727B /* Sources */ = {
			isa = PBXSourcesBuildPhase;
			buildActionMask = 2147483647;
			files = (
				2A0471F61D49674E00DB727B /* LoginViewController.swift in Sources */,
				2A0471F41D49674E00DB727B /* AppDelegate.swift in Sources */,
			);
			runOnlyForDeploymentPostprocessing = 0;
		};
		2A0472001D49674E00DB727B /* Sources */ = {
			isa = PBXSourcesBuildPhase;
			buildActionMask = 2147483647;
			files = (
				2A0472091D49674E00DB727B /* On_The_MapTests.swift in Sources */,
			);
			runOnlyForDeploymentPostprocessing = 0;
		};
		2A04720B1D49674E00DB727B /* Sources */ = {
			isa = PBXSourcesBuildPhase;
			buildActionMask = 2147483647;
			files = (
				2A0472141D49674E00DB727B /* On_The_MapUITests.swift in Sources */,
			);
			runOnlyForDeploymentPostprocessing = 0;
		};
/* End PBXSourcesBuildPhase section */

/* Begin PBXTargetDependency section */
		2A0472061D49674E00DB727B /* PBXTargetDependency */ = {
			isa = PBXTargetDependency;
			target = 2A0471EF1D49674D00DB727B /* On The Map */;
			targetProxy = 2A0472051D49674E00DB727B /* PBXContainerItemProxy */;
		};
		2A0472111D49674E00DB727B /* PBXTargetDependency */ = {
			isa = PBXTargetDependency;
			target = 2A0471EF1D49674D00DB727B /* On The Map */;
			targetProxy = 2A0472101D49674E00DB727B /* PBXContainerItemProxy */;
		};
/* End PBXTargetDependency section */

/* Begin PBXVariantGroup section */
		2A0471F71D49674E00DB727B /* Main.storyboard */ = {
			isa = PBXVariantGroup;
			children = (
				2A0471F81D49674E00DB727B /* Base */,
			);
			name = Main.storyboard;
			sourceTree = "<group>";
		};
		2A0471FC1D49674E00DB727B /* LaunchScreen.storyboard */ = {
			isa = PBXVariantGroup;
			children = (
				2A0471FD1D49674E00DB727B /* Base */,
			);
			name = LaunchScreen.storyboard;
			sourceTree = "<group>";
		};
/* End PBXVariantGroup section */

/* Begin XCBuildConfiguration section */
		2A0472161D49674E00DB727B /* Debug */ = {
			isa = XCBuildConfiguration;
			buildSettings = {
				ALWAYS_SEARCH_USER_PATHS = NO;
				CLANG_ANALYZER_NONNULL = YES;
				CLANG_CXX_LANGUAGE_STANDARD = "gnu++0x";
				CLANG_CXX_LIBRARY = "libc++";
				CLANG_ENABLE_MODULES = YES;
				CLANG_ENABLE_OBJC_ARC = YES;
				CLANG_WARN_BOOL_CONVERSION = YES;
				CLANG_WARN_CONSTANT_CONVERSION = YES;
				CLANG_WARN_DIRECT_OBJC_ISA_USAGE = YES_ERROR;
				CLANG_WARN_EMPTY_BODY = YES;
				CLANG_WARN_ENUM_CONVERSION = YES;
				CLANG_WARN_INT_CONVERSION = YES;
				CLANG_WARN_OBJC_ROOT_CLASS = YES_ERROR;
				CLANG_WARN_UNREACHABLE_CODE = YES;
				CLANG_WARN__DUPLICATE_METHOD_MATCH = YES;
				"CODE_SIGN_IDENTITY[sdk=iphoneos*]" = "iPhone Developer";
				COPY_PHASE_STRIP = NO;
				DEBUG_INFORMATION_FORMAT = dwarf;
				ENABLE_STRICT_OBJC_MSGSEND = YES;
				ENABLE_TESTABILITY = YES;
				GCC_C_LANGUAGE_STANDARD = gnu99;
				GCC_DYNAMIC_NO_PIC = NO;
				GCC_NO_COMMON_BLOCKS = YES;
				GCC_OPTIMIZATION_LEVEL = 0;
				GCC_PREPROCESSOR_DEFINITIONS = (
					"DEBUG=1",
					"$(inherited)",
				);
				GCC_WARN_64_TO_32_BIT_CONVERSION = YES;
				GCC_WARN_ABOUT_RETURN_TYPE = YES_ERROR;
				GCC_WARN_UNDECLARED_SELECTOR = YES;
				GCC_WARN_UNINITIALIZED_AUTOS = YES_AGGRESSIVE;
				GCC_WARN_UNUSED_FUNCTION = YES;
				GCC_WARN_UNUSED_VARIABLE = YES;
				IPHONEOS_DEPLOYMENT_TARGET = 9.3;
				MTL_ENABLE_DEBUG_INFO = YES;
				ONLY_ACTIVE_ARCH = YES;
				SDKROOT = iphoneos;
				SWIFT_OPTIMIZATION_LEVEL = "-Onone";
			};
			name = Debug;
		};
		2A0472171D49674E00DB727B /* Release */ = {
			isa = XCBuildConfiguration;
			buildSettings = {
				ALWAYS_SEARCH_USER_PATHS = NO;
				CLANG_ANALYZER_NONNULL = YES;
				CLANG_CXX_LANGUAGE_STANDARD = "gnu++0x";
				CLANG_CXX_LIBRARY = "libc++";
				CLANG_ENABLE_MODULES = YES;
				CLANG_ENABLE_OBJC_ARC = YES;
				CLANG_WARN_BOOL_CONVERSION = YES;
				CLANG_WARN_CONSTANT_CONVERSION = YES;
				CLANG_WARN_DIRECT_OBJC_ISA_USAGE = YES_ERROR;
				CLANG_WARN_EMPTY_BODY = YES;
				CLANG_WARN_ENUM_CONVERSION = YES;
				CLANG_WARN_INT_CONVERSION = YES;
				CLANG_WARN_OBJC_ROOT_CLASS = YES_ERROR;
				CLANG_WARN_UNREACHABLE_CODE = YES;
				CLANG_WARN__DUPLICATE_METHOD_MATCH = YES;
				"CODE_SIGN_IDENTITY[sdk=iphoneos*]" = "iPhone Developer";
				COPY_PHASE_STRIP = NO;
				DEBUG_INFORMATION_FORMAT = "dwarf-with-dsym";
				ENABLE_NS_ASSERTIONS = NO;
				ENABLE_STRICT_OBJC_MSGSEND = YES;
				GCC_C_LANGUAGE_STANDARD = gnu99;
				GCC_NO_COMMON_BLOCKS = YES;
				GCC_WARN_64_TO_32_BIT_CONVERSION = YES;
				GCC_WARN_ABOUT_RETURN_TYPE = YES_ERROR;
				GCC_WARN_UNDECLARED_SELECTOR = YES;
				GCC_WARN_UNINITIALIZED_AUTOS = YES_AGGRESSIVE;
				GCC_WARN_UNUSED_FUNCTION = YES;
				GCC_WARN_UNUSED_VARIABLE = YES;
				IPHONEOS_DEPLOYMENT_TARGET = 9.3;
				MTL_ENABLE_DEBUG_INFO = NO;
				SDKROOT = iphoneos;
				VALIDATE_PRODUCT = YES;
			};
			name = Release;
		};
		2A0472191D49674E00DB727B /* Debug */ = {
			isa = XCBuildConfiguration;
			buildSettings = {
				ASSETCATALOG_COMPILER_APPICON_NAME = AppIcon;
				INFOPLIST_FILE = "On The Map/Info.plist";
				LD_RUNPATH_SEARCH_PATHS = "$(inherited) @executable_path/Frameworks";
				PRODUCT_BUNDLE_IDENTIFIER = "Seab-Jackson.On-The-Map";
				PRODUCT_NAME = "$(TARGET_NAME)";
			};
			name = Debug;
		};
		2A04721A1D49674E00DB727B /* Release */ = {
			isa = XCBuildConfiguration;
			buildSettings = {
				ASSETCATALOG_COMPILER_APPICON_NAME = AppIcon;
				INFOPLIST_FILE = "On The Map/Info.plist";
				LD_RUNPATH_SEARCH_PATHS = "$(inherited) @executable_path/Frameworks";
				PRODUCT_BUNDLE_IDENTIFIER = "Seab-Jackson.On-The-Map";
				PRODUCT_NAME = "$(TARGET_NAME)";
			};
			name = Release;
		};
		2A04721C1D49674E00DB727B /* Debug */ = {
			isa = XCBuildConfiguration;
			buildSettings = {
				BUNDLE_LOADER = "$(TEST_HOST)";
				INFOPLIST_FILE = "On The MapTests/Info.plist";
				LD_RUNPATH_SEARCH_PATHS = "$(inherited) @executable_path/Frameworks @loader_path/Frameworks";
				PRODUCT_BUNDLE_IDENTIFIER = "Seab-Jackson.On-The-MapTests";
				PRODUCT_NAME = "$(TARGET_NAME)";
				TEST_HOST = "$(BUILT_PRODUCTS_DIR)/On The Map.app/On The Map";
			};
			name = Debug;
		};
		2A04721D1D49674E00DB727B /* Release */ = {
			isa = XCBuildConfiguration;
			buildSettings = {
				BUNDLE_LOADER = "$(TEST_HOST)";
				INFOPLIST_FILE = "On The MapTests/Info.plist";
				LD_RUNPATH_SEARCH_PATHS = "$(inherited) @executable_path/Frameworks @loader_path/Frameworks";
				PRODUCT_BUNDLE_IDENTIFIER = "Seab-Jackson.On-The-MapTests";
				PRODUCT_NAME = "$(TARGET_NAME)";
				TEST_HOST = "$(BUILT_PRODUCTS_DIR)/On The Map.app/On The Map";
			};
			name = Release;
		};
		2A04721F1D49674E00DB727B /* Debug */ = {
			isa = XCBuildConfiguration;
			buildSettings = {
				INFOPLIST_FILE = "On The MapUITests/Info.plist";
				LD_RUNPATH_SEARCH_PATHS = "$(inherited) @executable_path/Frameworks @loader_path/Frameworks";
				PRODUCT_BUNDLE_IDENTIFIER = "Seab-Jackson.On-The-MapUITests";
				PRODUCT_NAME = "$(TARGET_NAME)";
				TEST_TARGET_NAME = "On The Map";
			};
			name = Debug;
		};
		2A0472201D49674E00DB727B /* Release */ = {
			isa = XCBuildConfiguration;
			buildSettings = {
				INFOPLIST_FILE = "On The MapUITests/Info.plist";
				LD_RUNPATH_SEARCH_PATHS = "$(inherited) @executable_path/Frameworks @loader_path/Frameworks";
				PRODUCT_BUNDLE_IDENTIFIER = "Seab-Jackson.On-The-MapUITests";
				PRODUCT_NAME = "$(TARGET_NAME)";
				TEST_TARGET_NAME = "On The Map";
			};
			name = Release;
		};
/* End XCBuildConfiguration section */

/* Begin XCConfigurationList section */
		2A0471EB1D49674D00DB727B /* Build configuration list for PBXProject "On The Map" */ = {
			isa = XCConfigurationList;
			buildConfigurations = (
				2A0472161D49674E00DB727B /* Debug */,
				2A0472171D49674E00DB727B /* Release */,
			);
			defaultConfigurationIsVisible = 0;
			defaultConfigurationName = Release;
		};
		2A0472181D49674E00DB727B /* Build configuration list for PBXNativeTarget "On The Map" */ = {
			isa = XCConfigurationList;
			buildConfigurations = (
				2A0472191D49674E00DB727B /* Debug */,
				2A04721A1D49674E00DB727B /* Release */,
			);
			defaultConfigurationIsVisible = 0;
		};
		2A04721B1D49674E00DB727B /* Build configuration list for PBXNativeTarget "On The MapTests" */ = {
			isa = XCConfigurationList;
			buildConfigurations = (
				2A04721C1D49674E00DB727B /* Debug */,
				2A04721D1D49674E00DB727B /* Release */,
			);
			defaultConfigurationIsVisible = 0;
		};
		2A04721E1D49674E00DB727B /* Build configuration list for PBXNativeTarget "On The MapUITests" */ = {
			isa = XCConfigurationList;
			buildConfigurations = (
				2A04721F1D49674E00DB727B /* Debug */,
				2A0472201D49674E00DB727B /* Release */,
			);
			defaultConfigurationIsVisible = 0;
		};
/* End XCConfigurationList section */
	};
	rootObject = 2A0471E81D49674D00DB727B /* Project object */;
}
